// !$*UTF8*$!
{
	archiveVersion = 1;
	classes = {
	};
	objectVersion = 56;
	objects = {

/* Begin PBXBuildFile section */
		C4A4885529A883DD00FE67C8 /* ChatGPTBotApp.swift in Sources */ = {isa = PBXBuildFile; fileRef = C4A4885429A883DD00FE67C8 /* ChatGPTBotApp.swift */; };
		C4A4885729A883DD00FE67C8 /* ContentView.swift in Sources */ = {isa = PBXBuildFile; fileRef = C4A4885629A883DD00FE67C8 /* ContentView.swift */; };
		C4A4885929A883E100FE67C8 /* Assets.xcassets in Resources */ = {isa = PBXBuildFile; fileRef = C4A4885829A883E100FE67C8 /* Assets.xcassets */; };
		C4A4885C29A883E100FE67C8 /* Preview Assets.xcassets in Resources */ = {isa = PBXBuildFile; fileRef = C4A4885B29A883E100FE67C8 /* Preview Assets.xcassets */; };
		C4A4886329A8845100FE67C8 /* ChatGPTAPI.swift in Sources */ = {isa = PBXBuildFile; fileRef = C4A4886229A8845100FE67C8 /* ChatGPTAPI.swift */; };
		C4A4886629A8A5E800FE67C8 /* ViewModel.swift in Sources */ = {isa = PBXBuildFile; fileRef = C4A4886529A8A5E800FE67C8 /* ViewModel.swift */; };
		C4A4886829A8A61A00FE67C8 /* MessageRow.swift in Sources */ = {isa = PBXBuildFile; fileRef = C4A4886729A8A61A00FE67C8 /* MessageRow.swift */; };
		C4A4886C29A8A98300FE67C8 /* DotLoadingView.swift in Sources */ = {isa = PBXBuildFile; fileRef = C4A4886B29A8A98300FE67C8 /* DotLoadingView.swift */; };
		C4A4886E29A8AA0500FE67C8 /* MessageRowView.swift in Sources */ = {isa = PBXBuildFile; fileRef = C4A4886D29A8AA0500FE67C8 /* MessageRowView.swift */; };
		C4A4887029A9F9E500FE67C8 /* CompletionResponse.swift in Sources */ = {isa = PBXBuildFile; fileRef = C4A4886F29A9F9E500FE67C8 /* CompletionResponse.swift */; };
		C4A4887229A9FA3A00FE67C8 /* Choice.swift in Sources */ = {isa = PBXBuildFile; fileRef = C4A4887129A9FA3A00FE67C8 /* Choice.swift */; };
/* End PBXBuildFile section */

/* Begin PBXFileReference section */
		C4A4885129A883DD00FE67C8 /* ChatGPTBot.app */ = {isa = PBXFileReference; explicitFileType = wrapper.application; includeInIndex = 0; path = ChatGPTBot.app; sourceTree = BUILT_PRODUCTS_DIR; };
		C4A4885429A883DD00FE67C8 /* ChatGPTBotApp.swift */ = {isa = PBXFileReference; lastKnownFileType = sourcecode.swift; path = ChatGPTBotApp.swift; sourceTree = "<group>"; };
		C4A4885629A883DD00FE67C8 /* ContentView.swift */ = {isa = PBXFileReference; lastKnownFileType = sourcecode.swift; path = ContentView.swift; sourceTree = "<group>"; };
		C4A4885829A883E100FE67C8 /* Assets.xcassets */ = {isa = PBXFileReference; lastKnownFileType = folder.assetcatalog; path = Assets.xcassets; sourceTree = "<group>"; };
		C4A4885B29A883E100FE67C8 /* Preview Assets.xcassets */ = {isa = PBXFileReference; lastKnownFileType = folder.assetcatalog; path = "Preview Assets.xcassets"; sourceTree = "<group>"; };
		C4A4886229A8845100FE67C8 /* ChatGPTAPI.swift */ = {isa = PBXFileReference; lastKnownFileType = sourcecode.swift; path = ChatGPTAPI.swift; sourceTree = "<group>"; };
		C4A4886529A8A5E800FE67C8 /* ViewModel.swift */ = {isa = PBXFileReference; lastKnownFileType = sourcecode.swift; path = ViewModel.swift; sourceTree = "<group>"; };
		C4A4886729A8A61A00FE67C8 /* MessageRow.swift */ = {isa = PBXFileReference; lastKnownFileType = sourcecode.swift; path = MessageRow.swift; sourceTree = "<group>"; };
		C4A4886B29A8A98300FE67C8 /* DotLoadingView.swift */ = {isa = PBXFileReference; lastKnownFileType = sourcecode.swift; path = DotLoadingView.swift; sourceTree = "<group>"; };
		C4A4886D29A8AA0500FE67C8 /* MessageRowView.swift */ = {isa = PBXFileReference; lastKnownFileType = sourcecode.swift; path = MessageRowView.swift; sourceTree = "<group>"; };
		C4A4886F29A9F9E500FE67C8 /* CompletionResponse.swift */ = {isa = PBXFileReference; lastKnownFileType = sourcecode.swift; path = CompletionResponse.swift; sourceTree = "<group>"; };
		C4A4887129A9FA3A00FE67C8 /* Choice.swift */ = {isa = PBXFileReference; lastKnownFileType = sourcecode.swift; path = Choice.swift; sourceTree = "<group>"; };
/* End PBXFileReference section */

/* Begin PBXFrameworksBuildPhase section */
		C4A4884E29A883DD00FE67C8 /* Frameworks */ = {
			isa = PBXFrameworksBuildPhase;
			buildActionMask = 2147483647;
			files = (
			);
			runOnlyForDeploymentPostprocessing = 0;
		};
/* End PBXFrameworksBuildPhase section */

/* Begin PBXGroup section */
		C4A4884829A883DD00FE67C8 = {
			isa = PBXGroup;
			children = (
				C4A4885329A883DD00FE67C8 /* ChatGPTBot */,
				C4A4885229A883DD00FE67C8 /* Products */,
			);
			sourceTree = "<group>";
		};
		C4A4885229A883DD00FE67C8 /* Products */ = {
			isa = PBXGroup;
			children = (
				C4A4885129A883DD00FE67C8 /* ChatGPTBot.app */,
			);
			name = Products;
			sourceTree = "<group>";
		};
		C4A4885329A883DD00FE67C8 /* ChatGPTBot */ = {
			isa = PBXGroup;
			children = (
				C4A4885429A883DD00FE67C8 /* ChatGPTBotApp.swift */,
				C4A4886229A8845100FE67C8 /* ChatGPTAPI.swift */,
				C4A4886A29A8A97700FE67C8 /* View */,
				C4A4886929A8A90300FE67C8 /* Model */,
				C4A4886429A8A5DC00FE67C8 /* ViewModel */,
				C4A4885629A883DD00FE67C8 /* ContentView.swift */,
				C4A4885829A883E100FE67C8 /* Assets.xcassets */,
				C4A4885A29A883E100FE67C8 /* Preview Content */,
			);
			path = ChatGPTBot;
			sourceTree = "<group>";
		};
		C4A4885A29A883E100FE67C8 /* Preview Content */ = {
			isa = PBXGroup;
			children = (
				C4A4885B29A883E100FE67C8 /* Preview Assets.xcassets */,
			);
			path = "Preview Content";
			sourceTree = "<group>";
		};
		C4A4886429A8A5DC00FE67C8 /* ViewModel */ = {
			isa = PBXGroup;
			children = (
				C4A4886529A8A5E800FE67C8 /* ViewModel.swift */,
			);
			path = ViewModel;
			sourceTree = "<group>";
		};
		C4A4886929A8A90300FE67C8 /* Model */ = {
			isa = PBXGroup;
			children = (
				C4A4886729A8A61A00FE67C8 /* MessageRow.swift */,
				C4A4886F29A9F9E500FE67C8 /* CompletionResponse.swift */,
				C4A4887129A9FA3A00FE67C8 /* Choice.swift */,
			);
			path = Model;
			sourceTree = "<group>";
		};
		C4A4886A29A8A97700FE67C8 /* View */ = {
			isa = PBXGroup;
			children = (
				C4A4886B29A8A98300FE67C8 /* DotLoadingView.swift */,
				C4A4886D29A8AA0500FE67C8 /* MessageRowView.swift */,
			);
			path = View;
			sourceTree = "<group>";
		};
/* End PBXGroup section */

/* Begin PBXNativeTarget section */
		C4A4885029A883DD00FE67C8 /* ChatGPTBot */ = {
			isa = PBXNativeTarget;
			buildConfigurationList = C4A4885F29A883E100FE67C8 /* Build configuration list for PBXNativeTarget "ChatGPTBot" */;
			buildPhases = (
				C4A4884D29A883DD00FE67C8 /* Sources */,
				C4A4884E29A883DD00FE67C8 /* Frameworks */,
				C4A4884F29A883DD00FE67C8 /* Resources */,
			);
			buildRules = (
			);
			dependencies = (
			);
			name = ChatGPTBot;
			productName = ChatGPTBot;
			productReference = C4A4885129A883DD00FE67C8 /* ChatGPTBot.app */;
			productType = "com.apple.product-type.application";
		};
/* End PBXNativeTarget section */

/* Begin PBXProject section */
		C4A4884929A883DD00FE67C8 /* Project object */ = {
			isa = PBXProject;
			attributes = {
				BuildIndependentTargetsInParallel = 1;
				LastSwiftUpdateCheck = 1400;
				LastUpgradeCheck = 1400;
				TargetAttributes = {
					C4A4885029A883DD00FE67C8 = {
						CreatedOnToolsVersion = 14.0;
					};
				};
			};
			buildConfigurationList = C4A4884C29A883DD00FE67C8 /* Build configuration list for PBXProject "ChatGPTBot" */;
			compatibilityVersion = "Xcode 14.0";
			developmentRegion = en;
			hasScannedForEncodings = 0;
			knownRegions = (
				en,
				Base,
			);
			mainGroup = C4A4884829A883DD00FE67C8;
			productRefGroup = C4A4885229A883DD00FE67C8 /* Products */;
			projectDirPath = "";
			projectRoot = "";
			targets = (
				C4A4885029A883DD00FE67C8 /* ChatGPTBot */,
			);
		};
/* End PBXProject section */

/* Begin PBXResourcesBuildPhase section */
		C4A4884F29A883DD00FE67C8 /* Resources */ = {
			isa = PBXResourcesBuildPhase;
			buildActionMask = 2147483647;
			files = (
				C4A4885C29A883E100FE67C8 /* Preview Assets.xcassets in Resources */,
				C4A4885929A883E100FE67C8 /* Assets.xcassets in Resources */,
			);
			runOnlyForDeploymentPostprocessing = 0;
		};
/* End PBXResourcesBuildPhase section */

/* Begin PBXSourcesBuildPhase section */
		C4A4884D29A883DD00FE67C8 /* Sources */ = {
			isa = PBXSourcesBuildPhase;
			buildActionMask = 2147483647;
			files = (
				C4A4885729A883DD00FE67C8 /* ContentView.swift in Sources */,
				C4A4885529A883DD00FE67C8 /* ChatGPTBotApp.swift in Sources */,
				C4A4886629A8A5E800FE67C8 /* ViewModel.swift in Sources */,
				C4A4887229A9FA3A00FE67C8 /* Choice.swift in Sources */,
				C4A4886C29A8A98300FE67C8 /* DotLoadingView.swift in Sources */,
				C4A4887029A9F9E500FE67C8 /* CompletionResponse.swift in Sources */,
				C4A4886329A8845100FE67C8 /* ChatGPTAPI.swift in Sources */,
				C4A4886E29A8AA0500FE67C8 /* MessageRowView.swift in Sources */,
				C4A4886829A8A61A00FE67C8 /* MessageRow.swift in Sources */,
			);
			runOnlyForDeploymentPostprocessing = 0;
		};
/* End PBXSourcesBuildPhase section */

/* Begin XCBuildConfiguration section */
		C4A4885D29A883E100FE67C8 /* Debug */ = {
			isa = XCBuildConfiguration;
			buildSettings = {
				ALWAYS_SEARCH_USER_PATHS = NO;
				CLANG_ANALYZER_NONNULL = YES;
				CLANG_ANALYZER_NUMBER_OBJECT_CONVERSION = YES_AGGRESSIVE;
				CLANG_CXX_LANGUAGE_STANDARD = "gnu++20";
				CLANG_ENABLE_MODULES = YES;
				CLANG_ENABLE_OBJC_ARC = YES;
				CLANG_ENABLE_OBJC_WEAK = YES;
				CLANG_WARN_BLOCK_CAPTURE_AUTORELEASING = YES;
				CLANG_WARN_BOOL_CONVERSION = YES;
				CLANG_WARN_COMMA = YES;
				CLANG_WARN_CONSTANT_CONVERSION = YES;
				CLANG_WARN_DEPRECATED_OBJC_IMPLEMENTATIONS = YES;
				CLANG_WARN_DIRECT_OBJC_ISA_USAGE = YES_ERROR;
				CLANG_WARN_DOCUMENTATION_COMMENTS = YES;
				CLANG_WARN_EMPTY_BODY = YES;
				CLANG_WARN_ENUM_CONVERSION = YES;
				CLANG_WARN_INFINITE_RECURSION = YES;
				CLANG_WARN_INT_CONVERSION = YES;
				CLANG_WARN_NON_LITERAL_NULL_CONVERSION = YES;
				CLANG_WARN_OBJC_IMPLICIT_RETAIN_SELF = YES;
				CLANG_WARN_OBJC_LITERAL_CONVERSION = YES;
				CLANG_WARN_OBJC_ROOT_CLASS = YES_ERROR;
				CLANG_WARN_QUOTED_INCLUDE_IN_FRAMEWORK_HEADER = YES;
				CLANG_WARN_RANGE_LOOP_ANALYSIS = YES;
				CLANG_WARN_STRICT_PROTOTYPES = YES;
				CLANG_WARN_SUSPICIOUS_MOVE = YES;
				CLANG_WARN_UNGUARDED_AVAILABILITY = YES_AGGRESSIVE;
				CLANG_WARN_UNREACHABLE_CODE = YES;
				CLANG_WARN__DUPLICATE_METHOD_MATCH = YES;
				COPY_PHASE_STRIP = NO;
				DEBUG_INFORMATION_FORMAT = dwarf;
				ENABLE_STRICT_OBJC_MSGSEND = YES;
				ENABLE_TESTABILITY = YES;
				GCC_C_LANGUAGE_STANDARD = gnu11;
				GCC_DYNAMIC_NO_PIC = NO;
				GCC_NO_COMMON_BLOCKS = YES;
				GCC_OPTIMIZATION_LEVEL = 0;
				GCC_PREPROCESSOR_DEFINITIONS = (
					"DEBUG=1",
					"$(inherited)",
				);
				GCC_WARN_64_TO_32_BIT_CONVERSION = YES;
				GCC_WARN_ABOUT_RETURN_TYPE = YES_ERROR;
				GCC_WARN_UNDECLARED_SELECTOR = YES;
				GCC_WARN_UNINITIALIZED_AUTOS = YES_AGGRESSIVE;
				GCC_WARN_UNUSED_FUNCTION = YES;
				GCC_WARN_UNUSED_VARIABLE = YES;
				IPHONEOS_DEPLOYMENT_TARGET = 16.0;
				MTL_ENABLE_DEBUG_INFO = INCLUDE_SOURCE;
				MTL_FAST_MATH = YES;
				ONLY_ACTIVE_ARCH = YES;
				SDKROOT = iphoneos;
				SWIFT_ACTIVE_COMPILATION_CONDITIONS = DEBUG;
				SWIFT_OPTIMIZATION_LEVEL = "-Onone";
			};
			name = Debug;
		};
		C4A4885E29A883E100FE67C8 /* Release */ = {
			isa = XCBuildConfiguration;
			buildSettings = {
				ALWAYS_SEARCH_USER_PATHS = NO;
				CLANG_ANALYZER_NONNULL = YES;
				CLANG_ANALYZER_NUMBER_OBJECT_CONVERSION = YES_AGGRESSIVE;
				CLANG_CXX_LANGUAGE_STANDARD = "gnu++20";
				CLANG_ENABLE_MODULES = YES;
				CLANG_ENABLE_OBJC_ARC = YES;
				CLANG_ENABLE_OBJC_WEAK = YES;
				CLANG_WARN_BLOCK_CAPTURE_AUTORELEASING = YES;
				CLANG_WARN_BOOL_CONVERSION = YES;
				CLANG_WARN_COMMA = YES;
				CLANG_WARN_CONSTANT_CONVERSION = YES;
				CLANG_WARN_DEPRECATED_OBJC_IMPLEMENTATIONS = YES;
				CLANG_WARN_DIRECT_OBJC_ISA_USAGE = YES_ERROR;
				CLANG_WARN_DOCUMENTATION_COMMENTS = YES;
				CLANG_WARN_EMPTY_BODY = YES;
				CLANG_WARN_ENUM_CONVERSION = YES;
				CLANG_WARN_INFINITE_RECURSION = YES;
				CLANG_WARN_INT_CONVERSION = YES;
				CLANG_WARN_NON_LITERAL_NULL_CONVERSION = YES;
				CLANG_WARN_OBJC_IMPLICIT_RETAIN_SELF = YES;
				CLANG_WARN_OBJC_LITERAL_CONVERSION = YES;
				CLANG_WARN_OBJC_ROOT_CLASS = YES_ERROR;
				CLANG_WARN_QUOTED_INCLUDE_IN_FRAMEWORK_HEADER = YES;
				CLANG_WARN_RANGE_LOOP_ANALYSIS = YES;
				CLANG_WARN_STRICT_PROTOTYPES = YES;
				CLANG_WARN_SUSPICIOUS_MOVE = YES;
				CLANG_WARN_UNGUARDED_AVAILABILITY = YES_AGGRESSIVE;
				CLANG_WARN_UNREACHABLE_CODE = YES;
				CLANG_WARN__DUPLICATE_METHOD_MATCH = YES;
				COPY_PHASE_STRIP = NO;
				DEBUG_INFORMATION_FORMAT = "dwarf-with-dsym";
				ENABLE_NS_ASSERTIONS = NO;
				ENABLE_STRICT_OBJC_MSGSEND = YES;
				GCC_C_LANGUAGE_STANDARD = gnu11;
				GCC_NO_COMMON_BLOCKS = YES;
				GCC_WARN_64_TO_32_BIT_CONVERSION = YES;
				GCC_WARN_ABOUT_RETURN_TYPE = YES_ERROR;
				GCC_WARN_UNDECLARED_SELECTOR = YES;
				GCC_WARN_UNINITIALIZED_AUTOS = YES_AGGRESSIVE;
				GCC_WARN_UNUSED_FUNCTION = YES;
				GCC_WARN_UNUSED_VARIABLE = YES;
				IPHONEOS_DEPLOYMENT_TARGET = 16.0;
				MTL_ENABLE_DEBUG_INFO = NO;
				MTL_FAST_MATH = YES;
				SDKROOT = iphoneos;
				SWIFT_COMPILATION_MODE = wholemodule;
				SWIFT_OPTIMIZATION_LEVEL = "-O";
				VALIDATE_PRODUCT = YES;
			};
			name = Release;
		};
		C4A4886029A883E100FE67C8 /* Debug */ = {
			isa = XCBuildConfiguration;
			buildSettings = {
				ASSETCATALOG_COMPILER_APPICON_NAME = AppIcon;
				ASSETCATALOG_COMPILER_GLOBAL_ACCENT_COLOR_NAME = AccentColor;
				CODE_SIGN_STYLE = Automatic;
				CURRENT_PROJECT_VERSION = 1;
				DEVELOPMENT_ASSET_PATHS = "\"ChatGPTBot/Preview Content\"";
				DEVELOPMENT_TEAM = R92FDJTURC;
				ENABLE_PREVIEWS = YES;
				GENERATE_INFOPLIST_FILE = YES;
				INFOPLIST_KEY_UIApplicationSceneManifest_Generation = YES;
				INFOPLIST_KEY_UIApplicationSupportsIndirectInputEvents = YES;
				INFOPLIST_KEY_UILaunchScreen_Generation = YES;
				INFOPLIST_KEY_UISupportedInterfaceOrientations_iPad = "UIInterfaceOrientationPortrait UIInterfaceOrientationPortraitUpsideDown UIInterfaceOrientationLandscapeLeft UIInterfaceOrientationLandscapeRight";
				INFOPLIST_KEY_UISupportedInterfaceOrientations_iPhone = "UIInterfaceOrientationPortrait UIInterfaceOrientationLandscapeLeft UIInterfaceOrientationLandscapeRight";
				LD_RUNPATH_SEARCH_PATHS = (
					"$(inherited)",
					"@executable_path/Frameworks",
				);
				MARKETING_VERSION = 1.0;
				PRODUCT_BUNDLE_IDENTIFIER = bard.ChatGPTBot;
				PRODUCT_NAME = "$(TARGET_NAME)";
				SWIFT_EMIT_LOC_STRINGS = YES;
				SWIFT_VERSION = 5.0;
				TARGETED_DEVICE_FAMILY = "1,2";
			};
			name = Debug;
		};
		C4A4886129A883E100FE67C8 /* Release */ = {
			isa = XCBuildConfiguration;
			buildSettings = {
				ASSETCATALOG_COMPILER_APPICON_NAME = AppIcon;
				ASSETCATALOG_COMPILER_GLOBAL_ACCENT_COLOR_NAME = AccentColor;
				CODE_SIGN_STYLE = Automatic;
				CURRENT_PROJECT_VERSION = 1;
				DEVELOPMENT_ASSET_PATHS = "\"ChatGPTBot/Preview Content\"";
				DEVELOPMENT_TEAM = R92FDJTURC;
				ENABLE_PREVIEWS = YES;
				GENERATE_INFOPLIST_FILE = YES;
				INFOPLIST_KEY_UIApplicationSceneManifest_Generation = YES;
				INFOPLIST_KEY_UIApplicationSupportsIndirectInputEvents = YES;
				INFOPLIST_KEY_UILaunchScreen_Generation = YES;
				INFOPLIST_KEY_UISupportedInterfaceOrientations_iPad = "UIInterfaceOrientationPortrait UIInterfaceOrientationPortraitUpsideDown UIInterfaceOrientationLandscapeLeft UIInterfaceOrientationLandscapeRight";
				INFOPLIST_KEY_UISupportedInterfaceOrientations_iPhone = "UIInterfaceOrientationPortrait UIInterfaceOrientationLandscapeLeft UIInterfaceOrientationLandscapeRight";
				LD_RUNPATH_SEARCH_PATHS = (
					"$(inherited)",
					"@executable_path/Frameworks",
				);
				MARKETING_VERSION = 1.0;
				PRODUCT_BUNDLE_IDENTIFIER = bard.ChatGPTBot;
				PRODUCT_NAME = "$(TARGET_NAME)";
				SWIFT_EMIT_LOC_STRINGS = YES;
				SWIFT_VERSION = 5.0;
				TARGETED_DEVICE_FAMILY = "1,2";
			};
			name = Release;
		};
/* End XCBuildConfiguration section */

/* Begin XCConfigurationList section */
		C4A4884C29A883DD00FE67C8 /* Build configuration list for PBXProject "ChatGPTBot" */ = {
			isa = XCConfigurationList;
			buildConfigurations = (
				C4A4885D29A883E100FE67C8 /* Debug */,
				C4A4885E29A883E100FE67C8 /* Release */,
			);
			defaultConfigurationIsVisible = 0;
			defaultConfigurationName = Release;
		};
		C4A4885F29A883E100FE67C8 /* Build configuration list for PBXNativeTarget "ChatGPTBot" */ = {
			isa = XCConfigurationList;
			buildConfigurations = (
				C4A4886029A883E100FE67C8 /* Debug */,
				C4A4886129A883E100FE67C8 /* Release */,
			);
			defaultConfigurationIsVisible = 0;
			defaultConfigurationName = Release;
		};
/* End XCConfigurationList section */
	};
	rootObject = C4A4884929A883DD00FE67C8 /* Project object */;
}
